
Microsoft Visual Studio Solution File, Format Version 12.00
# Visual Studio Version 16
VisualStudioVersion = 16.0.30114.105
MinimumVisualStudioVersion = 10.0.40219.1
Project("{FAE04EC0-301F-11D3-BF4B-00C04F79EFBC}") = "API", "API\API.csproj", "{F894E7ED-D01C-4A42-B332-EFA498C6677F}"
EndProject
Project("{FAE04EC0-301F-11D3-BF4B-00C04F79EFBC}") = "Application", "Application\Application.csproj", "{93103122-0C5E-4D68-A902-59F78D9190EE}"
EndProject
Project("{FAE04EC0-301F-11D3-BF4B-00C04F79EFBC}") = "Domain", "Domain\Domain.csproj", "{BBA79BC4-6C09-4A98-A705-D43D135729B4}"
EndProject
Project("{FAE04EC0-301F-11D3-BF4B-00C04F79EFBC}") = "Persistence", "Persistence\Persistence.csproj", "{45F60303-D729-4E46-BBE8-326D04EAC5E4}"
EndProject
Global
	GlobalSection(SolutionConfigurationPlatforms) = preSolution
		Debug|Any CPU = Debug|Any CPU
		Release|Any CPU = Release|Any CPU
	EndGlobalSection
	GlobalSection(SolutionProperties) = preSolution
		HideSolutionNode = FALSE
	EndGlobalSection
	GlobalSection(ProjectConfigurationPlatforms) = postSolution
		{F894E7ED-D01C-4A42-B332-EFA498C6677F}.Debug|Any CPU.ActiveCfg = Debug|Any CPU
		{F894E7ED-D01C-4A42-B332-EFA498C6677F}.Debug|Any CPU.Build.0 = Debug|Any CPU
		{F894E7ED-D01C-4A42-B332-EFA498C6677F}.Release|Any CPU.ActiveCfg = Release|Any CPU
		{F894E7ED-D01C-4A42-B332-EFA498C6677F}.Release|Any CPU.Build.0 = Release|Any CPU
		{93103122-0C5E-4D68-A902-59F78D9190EE}.Debug|Any CPU.ActiveCfg = Debug|Any CPU
		{93103122-0C5E-4D68-A902-59F78D9190EE}.Debug|Any CPU.Build.0 = Debug|Any CPU
		{93103122-0C5E-4D68-A902-59F78D9190EE}.Release|Any CPU.ActiveCfg = Release|Any CPU
		{93103122-0C5E-4D68-A902-59F78D9190EE}.Release|Any CPU.Build.0 = Release|Any CPU
		{BBA79BC4-6C09-4A98-A705-D43D135729B4}.Debug|Any CPU.ActiveCfg = Debug|Any CPU
		{BBA79BC4-6C09-4A98-A705-D43D135729B4}.Debug|Any CPU.Build.0 = Debug|Any CPU
		{BBA79BC4-6C09-4A98-A705-D43D135729B4}.Release|Any CPU.ActiveCfg = Release|Any CPU
		{BBA79BC4-6C09-4A98-A705-D43D135729B4}.Release|Any CPU.Build.0 = Release|Any CPU
		{45F60303-D729-4E46-BBE8-326D04EAC5E4}.Debug|Any CPU.ActiveCfg = Debug|Any CPU
		{45F60303-D729-4E46-BBE8-326D04EAC5E4}.Debug|Any CPU.Build.0 = Debug|Any CPU
		{45F60303-D729-4E46-BBE8-326D04EAC5E4}.Release|Any CPU.ActiveCfg = Release|Any CPU
		{45F60303-D729-4E46-BBE8-326D04EAC5E4}.Release|Any CPU.Build.0 = Release|Any CPU
	EndGlobalSection
EndGlobal
